
Microsoft Visual Studio Solution File, Format Version 12.00
# Visual Studio Version 16
VisualStudioVersion = 16.0.31729.503
MinimumVisualStudioVersion = 10.0.40219.1
Project("{FAE04EC0-301F-11D3-BF4B-00C04F79EFBC}") = "SpaceGame", "SpaceGame.csproj", "{47915B35-2363-4D19-AC5A-9DDE180DC808}"
EndProject
Global
	GlobalSection(SolutionConfigurationPlatforms) = preSolution
		Debug|Any CPU = Debug|Any CPU
		Release|Any CPU = Release|Any CPU
	EndGlobalSection
	GlobalSection(ProjectConfigurationPlatforms) = postSolution
		{47915B35-2363-4D19-AC5A-9DDE180DC808}.Debug|Any CPU.ActiveCfg = Debug|Any CPU
		{47915B35-2363-4D19-AC5A-9DDE180DC808}.Debug|Any CPU.Build.0 = Debug|Any CPU
		{47915B35-2363-4D19-AC5A-9DDE180DC808}.Release|Any CPU.ActiveCfg = Release|Any CPU
		{47915B35-2363-4D19-AC5A-9DDE180DC808}.Release|Any CPU.Build.0 = Release|Any CPU
	EndGlobalSection
	GlobalSection(SolutionProperties) = preSolution
		HideSolutionNode = FALSE
	EndGlobalSection
	GlobalSection(ExtensibilityGlobals) = postSolution
		SolutionGuid = {164AAB27-B562-4906-A989-41CD393FE30C}
	EndGlobalSection
EndGlobal
